
Microsoft Visual Studio Solution File, Format Version 12.00
# Visual Studio 2012
Project("{FAE04EC0-301F-11D3-BF4B-00C04F79EFBC}") = "lib-engine-vs2012", "lib-engine-vs2012.csproj", "{8F46E04E-8D6C-4F67-82BE-9E524B7A6228}"
EndProject
Global
	GlobalSection(SolutionConfigurationPlatforms) = preSolution
		Debug|Any CPU = Debug|Any CPU
		Debug|x86 = Debug|x86
		DebugFlash|Any CPU = DebugFlash|Any CPU
		DebugFlash|x86 = DebugFlash|x86
		Release|Any CPU = Release|Any CPU
		Release|x86 = Release|x86
		ReleaseAndroid|Any CPU = ReleaseAndroid|Any CPU
		ReleaseAndroid|x86 = ReleaseAndroid|x86
		ReleaseFlash|Any CPU = ReleaseFlash|Any CPU
		ReleaseFlash|x86 = ReleaseFlash|x86
		ReleaseiOS|Any CPU = ReleaseiOS|Any CPU
		ReleaseiOS|x86 = ReleaseiOS|x86
		ReleaseWebPlayer|Any CPU = ReleaseWebPlayer|Any CPU
		ReleaseWebPlayer|x86 = ReleaseWebPlayer|x86
	EndGlobalSection
	GlobalSection(ProjectConfigurationPlatforms) = postSolution
		{8F46E04E-8D6C-4F67-82BE-9E524B7A6228}.Debug|Any CPU.ActiveCfg = Debug|Any CPU
		{8F46E04E-8D6C-4F67-82BE-9E524B7A6228}.Debug|Any CPU.Build.0 = Debug|Any CPU
		{8F46E04E-8D6C-4F67-82BE-9E524B7A6228}.Debug|x86.ActiveCfg = Debug|x86
		{8F46E04E-8D6C-4F67-82BE-9E524B7A6228}.Debug|x86.Build.0 = Debug|x86
		{8F46E04E-8D6C-4F67-82BE-9E524B7A6228}.DebugFlash|Any CPU.ActiveCfg = DebugFlash|Any CPU
		{8F46E04E-8D6C-4F67-82BE-9E524B7A6228}.DebugFlash|Any CPU.Build.0 = DebugFlash|Any CPU
		{8F46E04E-8D6C-4F67-82BE-9E524B7A6228}.DebugFlash|x86.ActiveCfg = DebugFlash|x86
		{8F46E04E-8D6C-4F67-82BE-9E524B7A6228}.DebugFlash|x86.Build.0 = DebugFlash|x86
		{8F46E04E-8D6C-4F67-82BE-9E524B7A6228}.Release|Any CPU.ActiveCfg = Release|Any CPU
		{8F46E04E-8D6C-4F67-82BE-9E524B7A6228}.Release|Any CPU.Build.0 = Release|Any CPU
		{8F46E04E-8D6C-4F67-82BE-9E524B7A6228}.Release|x86.ActiveCfg = Release|x86
		{8F46E04E-8D6C-4F67-82BE-9E524B7A6228}.Release|x86.Build.0 = Release|x86
		{8F46E04E-8D6C-4F67-82BE-9E524B7A6228}.ReleaseAndroid|Any CPU.ActiveCfg = ReleaseAndroid|Any CPU
		{8F46E04E-8D6C-4F67-82BE-9E524B7A6228}.ReleaseAndroid|Any CPU.Build.0 = ReleaseAndroid|Any CPU
		{8F46E04E-8D6C-4F67-82BE-9E524B7A6228}.ReleaseAndroid|x86.ActiveCfg = ReleaseAndroid|x86
		{8F46E04E-8D6C-4F67-82BE-9E524B7A6228}.ReleaseAndroid|x86.Build.0 = ReleaseAndroid|x86
		{8F46E04E-8D6C-4F67-82BE-9E524B7A6228}.ReleaseFlash|Any CPU.ActiveCfg = ReleaseFlash|Any CPU
		{8F46E04E-8D6C-4F67-82BE-9E524B7A6228}.ReleaseFlash|Any CPU.Build.0 = ReleaseFlash|Any CPU
		{8F46E04E-8D6C-4F67-82BE-9E524B7A6228}.ReleaseFlash|x86.ActiveCfg = ReleaseFlash|x86
		{8F46E04E-8D6C-4F67-82BE-9E524B7A6228}.ReleaseFlash|x86.Build.0 = ReleaseFlash|x86
		{8F46E04E-8D6C-4F67-82BE-9E524B7A6228}.ReleaseiOS|Any CPU.ActiveCfg = ReleaseiOS|Any CPU
		{8F46E04E-8D6C-4F67-82BE-9E524B7A6228}.ReleaseiOS|Any CPU.Build.0 = ReleaseiOS|Any CPU
		{8F46E04E-8D6C-4F67-82BE-9E524B7A6228}.ReleaseiOS|x86.ActiveCfg = ReleaseiOS|x86
		{8F46E04E-8D6C-4F67-82BE-9E524B7A6228}.ReleaseiOS|x86.Build.0 = ReleaseiOS|x86
		{8F46E04E-8D6C-4F67-82BE-9E524B7A6228}.ReleaseWebPlayer|Any CPU.ActiveCfg = ReleaseWebPlayer|Any CPU
		{8F46E04E-8D6C-4F67-82BE-9E524B7A6228}.ReleaseWebPlayer|Any CPU.Build.0 = ReleaseWebPlayer|Any CPU
		{8F46E04E-8D6C-4F67-82BE-9E524B7A6228}.ReleaseWebPlayer|x86.ActiveCfg = ReleaseWebPlayer|x86
		{8F46E04E-8D6C-4F67-82BE-9E524B7A6228}.ReleaseWebPlayer|x86.Build.0 = ReleaseWebPlayer|x86
	EndGlobalSection
	GlobalSection(SolutionProperties) = preSolution
		HideSolutionNode = FALSE
	EndGlobalSection
EndGlobal
